
Microsoft Visual Studio Solution File, Format Version 12.00
# Visual Studio Version 16
VisualStudioVersion = 16.0.30413.136
MinimumVisualStudioVersion = 10.0.40219.1
Project("{FAE04EC0-301F-11D3-BF4B-00C04F79EFBC}") = "Crud", "Crud\Crud.csproj", "{1FB5D097-1156-427B-9C6A-00D371FF8182}"
EndProject
Global
	GlobalSection(SolutionConfigurationPlatforms) = preSolution
		Debug|Any CPU = Debug|Any CPU
		Release|Any CPU = Release|Any CPU
	EndGlobalSection
	GlobalSection(ProjectConfigurationPlatforms) = postSolution
		{1FB5D097-1156-427B-9C6A-00D371FF8182}.Debug|Any CPU.ActiveCfg = Debug|Any CPU
		{1FB5D097-1156-427B-9C6A-00D371FF8182}.Debug|Any CPU.Build.0 = Debug|Any CPU
		{1FB5D097-1156-427B-9C6A-00D371FF8182}.Release|Any CPU.ActiveCfg = Release|Any CPU
		{1FB5D097-1156-427B-9C6A-00D371FF8182}.Release|Any CPU.Build.0 = Release|Any CPU
	EndGlobalSection
	GlobalSection(SolutionProperties) = preSolution
		HideSolutionNode = FALSE
	EndGlobalSection
	GlobalSection(ExtensibilityGlobals) = postSolution
		SolutionGuid = {4A6FCBF6-4A29-4509-9415-E6F9C4CB5ACE}
	EndGlobalSection
EndGlobal
